
Microsoft Visual Studio Solution File, Format Version 12.00
# Visual Studio 15
VisualStudioVersion = 15.0.27004.2005
MinimumVisualStudioVersion = 10.0.40219.1
Project("{FAE04EC0-301F-11D3-BF4B-00C04F79EFBC}") = "YouStream", "YouStream\YouStream.csproj", "{1600392E-57D2-42E1-A3DE-EDB61C41F486}"
EndProject
Global
	GlobalSection(SolutionConfigurationPlatforms) = preSolution
		Debug|Any CPU = Debug|Any CPU
		Release|Any CPU = Release|Any CPU
	EndGlobalSection
	GlobalSection(ProjectConfigurationPlatforms) = postSolution
		{1600392E-57D2-42E1-A3DE-EDB61C41F486}.Debug|Any CPU.ActiveCfg = Debug|Any CPU
		{1600392E-57D2-42E1-A3DE-EDB61C41F486}.Debug|Any CPU.Build.0 = Debug|Any CPU
		{1600392E-57D2-42E1-A3DE-EDB61C41F486}.Release|Any CPU.ActiveCfg = Release|Any CPU
		{1600392E-57D2-42E1-A3DE-EDB61C41F486}.Release|Any CPU.Build.0 = Release|Any CPU
	EndGlobalSection
	GlobalSection(SolutionProperties) = preSolution
		HideSolutionNode = FALSE
	EndGlobalSection
	GlobalSection(ExtensibilityGlobals) = postSolution
		SolutionGuid = {B3A4684A-3004-4C5A-97F1-8A4B5440777E}
	EndGlobalSection
EndGlobal
